// !$*UTF8*$!
{
	archiveVersion = 1;
	classes = {
	};
	objectVersion = 46;
	objects = {

/* Begin PBXBuildFile section */
		2D46A2A41F305D960071ADF0 /* main.m in Sources */ = {isa = PBXBuildFile; fileRef = 2D46A2A31F305D960071ADF0 /* main.m */; };
		2D46A2A71F305D960071ADF0 /* AppDelegate.m in Sources */ = {isa = PBXBuildFile; fileRef = 2D46A2A61F305D960071ADF0 /* AppDelegate.m */; };
		2D46A2AA1F305D960071ADF0 /* ViewController.m in Sources */ = {isa = PBXBuildFile; fileRef = 2D46A2A91F305D960071ADF0 /* ViewController.m */; };
		2D46A2AD1F305D960071ADF0 /* Main.storyboard in Resources */ = {isa = PBXBuildFile; fileRef = 2D46A2AB1F305D960071ADF0 /* Main.storyboard */; };
		2D46A2AF1F305D960071ADF0 /* Assets.xcassets in Resources */ = {isa = PBXBuildFile; fileRef = 2D46A2AE1F305D960071ADF0 /* Assets.xcassets */; };
		2D46A2B21F305D960071ADF0 /* LaunchScreen.storyboard in Resources */ = {isa = PBXBuildFile; fileRef = 2D46A2B01F305D960071ADF0 /* LaunchScreen.storyboard */; };
		2D46A2BD1F305D960071ADF0 /* PropertyInCategoryTests.m in Sources */ = {isa = PBXBuildFile; fileRef = 2D46A2BC1F305D960071ADF0 /* PropertyInCategoryTests.m */; };
		2D46A2C81F305D960071ADF0 /* PropertyInCategoryUITests.m in Sources */ = {isa = PBXBuildFile; fileRef = 2D46A2C71F305D960071ADF0 /* PropertyInCategoryUITests.m */; };
		2D46A2D71F305DBD0071ADF0 /* ViewController+Name.m in Sources */ = {isa = PBXBuildFile; fileRef = 2D46A2D61F305DBD0071ADF0 /* ViewController+Name.m */; };
/* End PBXBuildFile section */

/* Begin PBXContainerItemProxy section */
		2D46A2B91F305D960071ADF0 /* PBXContainerItemProxy */ = {
			isa = PBXContainerItemProxy;
			containerPortal = 2D46A2971F305D960071ADF0 /* Project object */;
			proxyType = 1;
			remoteGlobalIDString = 2D46A29E1F305D960071ADF0;
			remoteInfo = PropertyInCategory;
		};
		2D46A2C41F305D960071ADF0 /* PBXContainerItemProxy */ = {
			isa = PBXContainerItemProxy;
			containerPortal = 2D46A2971F305D960071ADF0 /* Project object */;
			proxyType = 1;
			remoteGlobalIDString = 2D46A29E1F305D960071ADF0;
			remoteInfo = PropertyInCategory;
		};
/* End PBXContainerItemProxy section */

/* Begin PBXFileReference section */
		2D46A29F1F305D960071ADF0 /* PropertyInCategory.app */ = {isa = PBXFileReference; explicitFileType = wrapper.application; includeInIndex = 0; path = PropertyInCategory.app; sourceTree = BUILT_PRODUCTS_DIR; };
		2D46A2A31F305D960071ADF0 /* main.m */ = {isa = PBXFileReference; lastKnownFileType = sourcecode.c.objc; path = main.m; sourceTree = "<group>"; };
		2D46A2A51F305D960071ADF0 /* AppDelegate.h */ = {isa = PBXFileReference; lastKnownFileType = sourcecode.c.h; path = AppDelegate.h; sourceTree = "<group>"; };
		2D46A2A61F305D960071ADF0 /* AppDelegate.m */ = {isa = PBXFileReference; lastKnownFileType = sourcecode.c.objc; path = AppDelegate.m; sourceTree = "<group>"; };
		2D46A2A81F305D960071ADF0 /* ViewController.h */ = {isa = PBXFileReference; lastKnownFileType = sourcecode.c.h; path = ViewController.h; sourceTree = "<group>"; };
		2D46A2A91F305D960071ADF0 /* ViewController.m */ = {isa = PBXFileReference; lastKnownFileType = sourcecode.c.objc; path = ViewController.m; sourceTree = "<group>"; };
		2D46A2AC1F305D960071ADF0 /* Base */ = {isa = PBXFileReference; lastKnownFileType = file.storyboard; name = Base; path = Base.lproj/Main.storyboard; sourceTree = "<group>"; };
		2D46A2AE1F305D960071ADF0 /* Assets.xcassets */ = {isa = PBXFileReference; lastKnownFileType = folder.assetcatalog; path = Assets.xcassets; sourceTree = "<group>"; };
		2D46A2B11F305D960071ADF0 /* Base */ = {isa = PBXFileReference; lastKnownFileType = file.storyboard; name = Base; path = Base.lproj/LaunchScreen.storyboard; sourceTree = "<group>"; };
		2D46A2B31F305D960071ADF0 /* Info.plist */ = {isa = PBXFileReference; lastKnownFileType = text.plist.xml; path = Info.plist; sourceTree = "<group>"; };
		2D46A2B81F305D960071ADF0 /* PropertyInCategoryTests.xctest */ = {isa = PBXFileReference; explicitFileType = wrapper.cfbundle; includeInIndex = 0; path = PropertyInCategoryTests.xctest; sourceTree = BUILT_PRODUCTS_DIR; };
		2D46A2BC1F305D960071ADF0 /* PropertyInCategoryTests.m */ = {isa = PBXFileReference; lastKnownFileType = sourcecode.c.objc; path = PropertyInCategoryTests.m; sourceTree = "<group>"; };
		2D46A2BE1F305D960071ADF0 /* Info.plist */ = {isa = PBXFileReference; lastKnownFileType = text.plist.xml; path = Info.plist; sourceTree = "<group>"; };
		2D46A2C31F305D960071ADF0 /* PropertyInCategoryUITests.xctest */ = {isa = PBXFileReference; explicitFileType = wrapper.cfbundle; includeInIndex = 0; path = PropertyInCategoryUITests.xctest; sourceTree = BUILT_PRODUCTS_DIR; };
		2D46A2C71F305D960071ADF0 /* PropertyInCategoryUITests.m */ = {isa = PBXFileReference; lastKnownFileType = sourcecode.c.objc; path = PropertyInCategoryUITests.m; sourceTree = "<group>"; };
		2D46A2C91F305D960071ADF0 /* Info.plist */ = {isa = PBXFileReference; lastKnownFileType = text.plist.xml; path = Info.plist; sourceTree = "<group>"; };
		2D46A2D51F305DBD0071ADF0 /* ViewController+Name.h */ = {isa = PBXFileReference; fileEncoding = 4; lastKnownFileType = sourcecode.c.h; path = "ViewController+Name.h"; sourceTree = "<group>"; };
		2D46A2D61F305DBD0071ADF0 /* ViewController+Name.m */ = {isa = PBXFileReference; fileEncoding = 4; lastKnownFileType = sourcecode.c.objc; path = "ViewController+Name.m"; sourceTree = "<group>"; };
/* End PBXFileReference section */

/* Begin PBXFrameworksBuildPhase section */
		2D46A29C1F305D960071ADF0 /* Frameworks */ = {
			isa = PBXFrameworksBuildPhase;
			buildActionMask = 2147483647;
			files = (
			);
			runOnlyForDeploymentPostprocessing = 0;
		};
		2D46A2B51F305D960071ADF0 /* Frameworks */ = {
			isa = PBXFrameworksBuildPhase;
			buildActionMask = 2147483647;
			files = (
			);
			runOnlyForDeploymentPostprocessing = 0;
		};
		2D46A2C01F305D960071ADF0 /* Frameworks */ = {
			isa = PBXFrameworksBuildPhase;
			buildActionMask = 2147483647;
			files = (
			);
			runOnlyForDeploymentPostprocessing = 0;
		};
/* End PBXFrameworksBuildPhase section */

/* Begin PBXGroup section */
		2D46A2961F305D960071ADF0 = {
			isa = PBXGroup;
			children = (
				2D46A2A11F305D960071ADF0 /* PropertyInCategory */,
				2D46A2BB1F305D960071ADF0 /* PropertyInCategoryTests */,
				2D46A2C61F305D960071ADF0 /* PropertyInCategoryUITests */,
				2D46A2A01F305D960071ADF0 /* Products */,
			);
			sourceTree = "<group>";
		};
		2D46A2A01F305D960071ADF0 /* Products */ = {
			isa = PBXGroup;
			children = (
				2D46A29F1F305D960071ADF0 /* PropertyInCategory.app */,
				2D46A2B81F305D960071ADF0 /* PropertyInCategoryTests.xctest */,
				2D46A2C31F305D960071ADF0 /* PropertyInCategoryUITests.xctest */,
			);
			name = Products;
			sourceTree = "<group>";
		};
		2D46A2A11F305D960071ADF0 /* PropertyInCategory */ = {
			isa = PBXGroup;
			children = (
				2D46A2D51F305DBD0071ADF0 /* ViewController+Name.h */,
				2D46A2D61F305DBD0071ADF0 /* ViewController+Name.m */,
				2D46A2A51F305D960071ADF0 /* AppDelegate.h */,
				2D46A2A61F305D960071ADF0 /* AppDelegate.m */,
				2D46A2A81F305D960071ADF0 /* ViewController.h */,
				2D46A2A91F305D960071ADF0 /* ViewController.m */,
				2D46A2AB1F305D960071ADF0 /* Main.storyboard */,
				2D46A2AE1F305D960071ADF0 /* Assets.xcassets */,
				2D46A2B01F305D960071ADF0 /* LaunchScreen.storyboard */,
				2D46A2B31F305D960071ADF0 /* Info.plist */,
				2D46A2A21F305D960071ADF0 /* Supporting Files */,
			);
			path = PropertyInCategory;
			sourceTree = "<group>";
		};
		2D46A2A21F305D960071ADF0 /* Supporting Files */ = {
			isa = PBXGroup;
			children = (
				2D46A2A31F305D960071ADF0 /* main.m */,
			);
			name = "Supporting Files";
			sourceTree = "<group>";
		};
		2D46A2BB1F305D960071ADF0 /* PropertyInCategoryTests */ = {
			isa = PBXGroup;
			children = (
				2D46A2BC1F305D960071ADF0 /* PropertyInCategoryTests.m */,
				2D46A2BE1F305D960071ADF0 /* Info.plist */,
			);
			path = PropertyInCategoryTests;
			sourceTree = "<group>";
		};
		2D46A2C61F305D960071ADF0 /* PropertyInCategoryUITests */ = {
			isa = PBXGroup;
			children = (
				2D46A2C71F305D960071ADF0 /* PropertyInCategoryUITests.m */,
				2D46A2C91F305D960071ADF0 /* Info.plist */,
			);
			path = PropertyInCategoryUITests;
			sourceTree = "<group>";
		};
/* End PBXGroup section */

/* Begin PBXNativeTarget section */
		2D46A29E1F305D960071ADF0 /* PropertyInCategory */ = {
			isa = PBXNativeTarget;
			buildConfigurationList = 2D46A2CC1F305D960071ADF0 /* Build configuration list for PBXNativeTarget "PropertyInCategory" */;
			buildPhases = (
				2D46A29B1F305D960071ADF0 /* Sources */,
				2D46A29C1F305D960071ADF0 /* Frameworks */,
				2D46A29D1F305D960071ADF0 /* Resources */,
			);
			buildRules = (
			);
			dependencies = (
			);
			name = PropertyInCategory;
			productName = PropertyInCategory;
			productReference = 2D46A29F1F305D960071ADF0 /* PropertyInCategory.app */;
			productType = "com.apple.product-type.application";
		};
		2D46A2B71F305D960071ADF0 /* PropertyInCategoryTests */ = {
			isa = PBXNativeTarget;
			buildConfigurationList = 2D46A2CF1F305D960071ADF0 /* Build configuration list for PBXNativeTarget "PropertyInCategoryTests" */;
			buildPhases = (
				2D46A2B41F305D960071ADF0 /* Sources */,
				2D46A2B51F305D960071ADF0 /* Frameworks */,
				2D46A2B61F305D960071ADF0 /* Resources */,
			);
			buildRules = (
			);
			dependencies = (
				2D46A2BA1F305D960071ADF0 /* PBXTargetDependency */,
			);
			name = PropertyInCategoryTests;
			productName = PropertyInCategoryTests;
			productReference = 2D46A2B81F305D960071ADF0 /* PropertyInCategoryTests.xctest */;
			productType = "com.apple.product-type.bundle.unit-test";
		};
		2D46A2C21F305D960071ADF0 /* PropertyInCategoryUITests */ = {
			isa = PBXNativeTarget;
			buildConfigurationList = 2D46A2D21F305D960071ADF0 /* Build configuration list for PBXNativeTarget "PropertyInCategoryUITests" */;
			buildPhases = (
				2D46A2BF1F305D960071ADF0 /* Sources */,
				2D46A2C01F305D960071ADF0 /* Frameworks */,
				2D46A2C11F305D960071ADF0 /* Resources */,
			);
			buildRules = (
			);
			dependencies = (
				2D46A2C51F305D960071ADF0 /* PBXTargetDependency */,
			);
			name = PropertyInCategoryUITests;
			productName = PropertyInCategoryUITests;
			productReference = 2D46A2C31F305D960071ADF0 /* PropertyInCategoryUITests.xctest */;
			productType = "com.apple.product-type.bundle.ui-testing";
		};
/* End PBXNativeTarget section */

/* Begin PBXProject section */
		2D46A2971F305D960071ADF0 /* Project object */ = {
			isa = PBXProject;
			attributes = {
				LastUpgradeCheck = 0830;
				ORGANIZATIONNAME = "Alan-App";
				TargetAttributes = {
					2D46A29E1F305D960071ADF0 = {
						CreatedOnToolsVersion = 8.3.3;
						DevelopmentTeam = 6Z764NMGW4;
						ProvisioningStyle = Automatic;
					};
					2D46A2B71F305D960071ADF0 = {
						CreatedOnToolsVersion = 8.3.3;
						DevelopmentTeam = 6Z764NMGW4;
						ProvisioningStyle = Automatic;
						TestTargetID = 2D46A29E1F305D960071ADF0;
					};
					2D46A2C21F305D960071ADF0 = {
						CreatedOnToolsVersion = 8.3.3;
						DevelopmentTeam = 6Z764NMGW4;
						ProvisioningStyle = Automatic;
						TestTargetID = 2D46A29E1F305D960071ADF0;
					};
				};
			};
			buildConfigurationList = 2D46A29A1F305D960071ADF0 /* Build configuration list for PBXProject "PropertyInCategory" */;
			compatibilityVersion = "Xcode 3.2";
			developmentRegion = English;
			hasScannedForEncodings = 0;
			knownRegions = (
				en,
				Base,
			);
			mainGroup = 2D46A2961F305D960071ADF0;
			productRefGroup = 2D46A2A01F305D960071ADF0 /* Products */;
			projectDirPath = "";
			projectRoot = "";
			targets = (
				2D46A29E1F305D960071ADF0 /* PropertyInCategory */,
				2D46A2B71F305D960071ADF0 /* PropertyInCategoryTests */,
				2D46A2C21F305D960071ADF0 /* PropertyInCategoryUITests */,
			);
		};
/* End PBXProject section */

/* Begin PBXResourcesBuildPhase section */
		2D46A29D1F305D960071ADF0 /* Resources */ = {
			isa = PBXResourcesBuildPhase;
			buildActionMask = 2147483647;
			files = (
				2D46A2B21F305D960071ADF0 /* LaunchScreen.storyboard in Resources */,
				2D46A2AF1F305D960071ADF0 /* Assets.xcassets in Resources */,
				2D46A2AD1F305D960071ADF0 /* Main.storyboard in Resources */,
			);
			runOnlyForDeploymentPostprocessing = 0;
		};
		2D46A2B61F305D960071ADF0 /* Resources */ = {
			isa = PBXResourcesBuildPhase;
			buildActionMask = 2147483647;
			files = (
			);
			runOnlyForDeploymentPostprocessing = 0;
		};
		2D46A2C11F305D960071ADF0 /* Resources */ = {
			isa = PBXResourcesBuildPhase;
			buildActionMask = 2147483647;
			files = (
			);
			runOnlyForDeploymentPostprocessing = 0;
		};
/* End PBXResourcesBuildPhase section */

/* Begin PBXSourcesBuildPhase section */
		2D46A29B1F305D960071ADF0 /* Sources */ = {
			isa = PBXSourcesBuildPhase;
			buildActionMask = 2147483647;
			files = (
				2D46A2AA1F305D960071ADF0 /* ViewController.m in Sources */,
				2D46A2A71F305D960071ADF0 /* AppDelegate.m in Sources */,
				2D46A2A41F305D960071ADF0 /* main.m in Sources */,
				2D46A2D71F305DBD0071ADF0 /* ViewController+Name.m in Sources */,
			);
			runOnlyForDeploymentPostprocessing = 0;
		};
		2D46A2B41F305D960071ADF0 /* Sources */ = {
			isa = PBXSourcesBuildPhase;
			buildActionMask = 2147483647;
			files = (
				2D46A2BD1F305D960071ADF0 /* PropertyInCategoryTests.m in Sources */,
			);
			runOnlyForDeploymentPostprocessing = 0;
		};
		2D46A2BF1F305D960071ADF0 /* Sources */ = {
			isa = PBXSourcesBuildPhase;
			buildActionMask = 2147483647;
			files = (
				2D46A2C81F305D960071ADF0 /* PropertyInCategoryUITests.m in Sources */,
			);
			runOnlyForDeploymentPostprocessing = 0;
		};
/* End PBXSourcesBuildPhase section */

/* Begin PBXTargetDependency section */
		2D46A2BA1F305D960071ADF0 /* PBXTargetDependency */ = {
			isa = PBXTargetDependency;
			target = 2D46A29E1F305D960071ADF0 /* PropertyInCategory */;
			targetProxy = 2D46A2B91F305D960071ADF0 /* PBXContainerItemProxy */;
		};
		2D46A2C51F305D960071ADF0 /* PBXTargetDependency */ = {
			isa = PBXTargetDependency;
			target = 2D46A29E1F305D960071ADF0 /* PropertyInCategory */;
			targetProxy = 2D46A2C41F305D960071ADF0 /* PBXContainerItemProxy */;
		};
/* End PBXTargetDependency section */

/* Begin PBXVariantGroup section */
		2D46A2AB1F305D960071ADF0 /* Main.storyboard */ = {
			isa = PBXVariantGroup;
			children = (
				2D46A2AC1F305D960071ADF0 /* Base */,
			);
			name = Main.storyboard;
			sourceTree = "<group>";
		};
		2D46A2B01F305D960071ADF0 /* LaunchScreen.storyboard */ = {
			isa = PBXVariantGroup;
			children = (
				2D46A2B11F305D960071ADF0 /* Base */,
			);
			name = LaunchScreen.storyboard;
			sourceTree = "<group>";
		};
/* End PBXVariantGroup section */

/* Begin XCBuildConfiguration section */
		2D46A2CA1F305D960071ADF0 /* Debug */ = {
			isa = XCBuildConfiguration;
			buildSettings = {
				ALWAYS_SEARCH_USER_PATHS = NO;
				CLANG_ANALYZER_NONNULL = YES;
				CLANG_ANALYZER_NUMBER_OBJECT_CONVERSION = YES_AGGRESSIVE;
				CLANG_CXX_LANGUAGE_STANDARD = "gnu++0x";
				CLANG_CXX_LIBRARY = "libc++";
				CLANG_ENABLE_MODULES = YES;
				CLANG_ENABLE_OBJC_ARC = YES;
				CLANG_WARN_BOOL_CONVERSION = YES;
				CLANG_WARN_CONSTANT_CONVERSION = YES;
				CLANG_WARN_DIRECT_OBJC_ISA_USAGE = YES_ERROR;
				CLANG_WARN_DOCUMENTATION_COMMENTS = YES;
				CLANG_WARN_EMPTY_BODY = YES;
				CLANG_WARN_ENUM_CONVERSION = YES;
				CLANG_WARN_INFINITE_RECURSION = YES;
				CLANG_WARN_INT_CONVERSION = YES;
				CLANG_WARN_OBJC_ROOT_CLASS = YES_ERROR;
				CLANG_WARN_SUSPICIOUS_MOVE = YES;
				CLANG_WARN_UNREACHABLE_CODE = YES;
				CLANG_WARN__DUPLICATE_METHOD_MATCH = YES;
				"CODE_SIGN_IDENTITY[sdk=iphoneos*]" = "iPhone Developer";
				COPY_PHASE_STRIP = NO;
				DEBUG_INFORMATION_FORMAT = dwarf;
				ENABLE_STRICT_OBJC_MSGSEND = YES;
				ENABLE_TESTABILITY = YES;
				GCC_C_LANGUAGE_STANDARD = gnu99;
				GCC_DYNAMIC_NO_PIC = NO;
				GCC_NO_COMMON_BLOCKS = YES;
				GCC_OPTIMIZATION_LEVEL = 0;
				GCC_PREPROCESSOR_DEFINITIONS = (
					"DEBUG=1",
					"$(inherited)",
				);
				GCC_WARN_64_TO_32_BIT_CONVERSION = YES;
				GCC_WARN_ABOUT_RETURN_TYPE = YES_ERROR;
				GCC_WARN_UNDECLARED_SELECTOR = YES;
				GCC_WARN_UNINITIALIZED_AUTOS = YES_AGGRESSIVE;
				GCC_WARN_UNUSED_FUNCTION = YES;
				GCC_WARN_UNUSED_VARIABLE = YES;
				IPHONEOS_DEPLOYMENT_TARGET = 10.3;
				MTL_ENABLE_DEBUG_INFO = YES;
				ONLY_ACTIVE_ARCH = YES;
				SDKROOT = iphoneos;
			};
			name = Debug;
		};
		2D46A2CB1F305D960071ADF0 /* Release */ = {
			isa = XCBuildConfiguration;
			buildSettings = {
				ALWAYS_SEARCH_USER_PATHS = NO;
				CLANG_ANALYZER_NONNULL = YES;
				CLANG_ANALYZER_NUMBER_OBJECT_CONVERSION = YES_AGGRESSIVE;
				CLANG_CXX_LANGUAGE_STANDARD = "gnu++0x";
				CLANG_CXX_LIBRARY = "libc++";
				CLANG_ENABLE_MODULES = YES;
				CLANG_ENABLE_OBJC_ARC = YES;
				CLANG_WARN_BOOL_CONVERSION = YES;
				CLANG_WARN_CONSTANT_CONVERSION = YES;
				CLANG_WARN_DIRECT_OBJC_ISA_USAGE = YES_ERROR;
				CLANG_WARN_DOCUMENTATION_COMMENTS = YES;
				CLANG_WARN_EMPTY_BODY = YES;
				CLANG_WARN_ENUM_CONVERSION = YES;
				CLANG_WARN_INFINITE_RECURSION = YES;
				CLANG_WARN_INT_CONVERSION = YES;
				CLANG_WARN_OBJC_ROOT_CLASS = YES_ERROR;
				CLANG_WARN_SUSPICIOUS_MOVE = YES;
				CLANG_WARN_UNREACHABLE_CODE = YES;
				CLANG_WARN__DUPLICATE_METHOD_MATCH = YES;
				"CODE_SIGN_IDENTITY[sdk=iphoneos*]" = "iPhone Developer";
				COPY_PHASE_STRIP = NO;
				DEBUG_INFORMATION_FORMAT = "dwarf-with-dsym";
				ENABLE_NS_ASSERTIONS = NO;
				ENABLE_STRICT_OBJC_MSGSEND = YES;
				GCC_C_LANGUAGE_STANDARD = gnu99;
				GCC_NO_COMMON_BLOCKS = YES;
				GCC_WARN_64_TO_32_BIT_CONVERSION = YES;
				GCC_WARN_ABOUT_RETURN_TYPE = YES_ERROR;
				GCC_WARN_UNDECLARED_SELECTOR = YES;
				GCC_WARN_UNINITIALIZED_AUTOS = YES_AGGRESSIVE;
				GCC_WARN_UNUSED_FUNCTION = YES;
				GCC_WARN_UNUSED_VARIABLE = YES;
				IPHONEOS_DEPLOYMENT_TARGET = 10.3;
				MTL_ENABLE_DEBUG_INFO = NO;
				SDKROOT = iphoneos;
				VALIDATE_PRODUCT = YES;
			};
			name = Release;
		};
		2D46A2CD1F305D960071ADF0 /* Debug */ = {
			isa = XCBuildConfiguration;
			buildSettings = {
				ASSETCATALOG_COMPILER_APPICON_NAME = AppIcon;
				DEVELOPMENT_TEAM = 6Z764NMGW4;
				INFOPLIST_FILE = PropertyInCategory/Info.plist;
				LD_RUNPATH_SEARCH_PATHS = "$(inherited) @executable_path/Frameworks";
				PRODUCT_BUNDLE_IDENTIFIER = Alan.Yen.PropertyInCategory;
				PRODUCT_NAME = "$(TARGET_NAME)";
			};
			name = Debug;
		};
		2D46A2CE1F305D960071ADF0 /* Release */ = {
			isa = XCBuildConfiguration;
			buildSettings = {
				ASSETCATALOG_COMPILER_APPICON_NAME = AppIcon;
				DEVELOPMENT_TEAM = 6Z764NMGW4;
				INFOPLIST_FILE = PropertyInCategory/Info.plist;
				LD_RUNPATH_SEARCH_PATHS = "$(inherited) @executable_path/Frameworks";
				PRODUCT_BUNDLE_IDENTIFIER = Alan.Yen.PropertyInCategory;
				PRODUCT_NAME = "$(TARGET_NAME)";
			};
			name = Release;
		};
		2D46A2D01F305D960071ADF0 /* Debug */ = {
			isa = XCBuildConfiguration;
			buildSettings = {
				BUNDLE_LOADER = "$(TEST_HOST)";
				DEVELOPMENT_TEAM = 6Z764NMGW4;
				INFOPLIST_FILE = PropertyInCategoryTests/Info.plist;
				LD_RUNPATH_SEARCH_PATHS = "$(inherited) @executable_path/Frameworks @loader_path/Frameworks";
				PRODUCT_BUNDLE_IDENTIFIER = Alan.Yen.PropertyInCategoryTests;
				PRODUCT_NAME = "$(TARGET_NAME)";
				TEST_HOST = "$(BUILT_PRODUCTS_DIR)/PropertyInCategory.app/PropertyInCategory";
			};
			name = Debug;
		};
		2D46A2D11F305D960071ADF0 /* Release */ = {
			isa = XCBuildConfiguration;
			buildSettings = {
				BUNDLE_LOADER = "$(TEST_HOST)";
				DEVELOPMENT_TEAM = 6Z764NMGW4;
				INFOPLIST_FILE = PropertyInCategoryTests/Info.plist;
				LD_RUNPATH_SEARCH_PATHS = "$(inherited) @executable_path/Frameworks @loader_path/Frameworks";
				PRODUCT_BUNDLE_IDENTIFIER = Alan.Yen.PropertyInCategoryTests;
				PRODUCT_NAME = "$(TARGET_NAME)";
				TEST_HOST = "$(BUILT_PRODUCTS_DIR)/PropertyInCategory.app/PropertyInCategory";
			};
			name = Release;
		};
		2D46A2D31F305D960071ADF0 /* Debug */ = {
			isa = XCBuildConfiguration;
			buildSettings = {
				DEVELOPMENT_TEAM = 6Z764NMGW4;
				INFOPLIST_FILE = PropertyInCategoryUITests/Info.plist;
				LD_RUNPATH_SEARCH_PATHS = "$(inherited) @executable_path/Frameworks @loader_path/Frameworks";
				PRODUCT_BUNDLE_IDENTIFIER = Alan.Yen.PropertyInCategoryUITests;
				PRODUCT_NAME = "$(TARGET_NAME)";
				TEST_TARGET_NAME = PropertyInCategory;
			};
			name = Debug;
		};
		2D46A2D41F305D960071ADF0 /* Release */ = {
			isa = XCBuildConfiguration;
			buildSettings = {
				DEVELOPMENT_TEAM = 6Z764NMGW4;
				INFOPLIST_FILE = PropertyInCategoryUITests/Info.plist;
				LD_RUNPATH_SEARCH_PATHS = "$(inherited) @executable_path/Frameworks @loader_path/Frameworks";
				PRODUCT_BUNDLE_IDENTIFIER = Alan.Yen.PropertyInCategoryUITests;
				PRODUCT_NAME = "$(TARGET_NAME)";
				TEST_TARGET_NAME = PropertyInCategory;
			};
			name = Release;
		};
/* End XCBuildConfiguration section */

/* Begin XCConfigurationList section */
		2D46A29A1F305D960071ADF0 /* Build configuration list for PBXProject "PropertyInCategory" */ = {
			isa = XCConfigurationList;
			buildConfigurations = (
				2D46A2CA1F305D960071ADF0 /* Debug */,
				2D46A2CB1F305D960071ADF0 /* Release */,
			);
			defaultConfigurationIsVisible = 0;
			defaultConfigurationName = Release;
		};
		2D46A2CC1F305D960071ADF0 /* Build configuration list for PBXNativeTarget "PropertyInCategory" */ = {
			isa = XCConfigurationList;
			buildConfigurations = (
				2D46A2CD1F305D960071ADF0 /* Debug */,
				2D46A2CE1F305D960071ADF0 /* Release */,
			);
			defaultConfigurationIsVisible = 0;
		};
		2D46A2CF1F305D960071ADF0 /* Build configuration list for PBXNativeTarget "PropertyInCategoryTests" */ = {
			isa = XCConfigurationList;
			buildConfigurations = (
				2D46A2D01F305D960071ADF0 /* Debug */,
				2D46A2D11F305D960071ADF0 /* Release */,
			);
			defaultConfigurationIsVisible = 0;
		};
		2D46A2D21F305D960071ADF0 /* Build configuration list for PBXNativeTarget "PropertyInCategoryUITests" */ = {
			isa = XCConfigurationList;
			buildConfigurations = (
				2D46A2D31F305D960071ADF0 /* Debug */,
				2D46A2D41F305D960071ADF0 /* Release */,
			);
			defaultConfigurationIsVisible = 0;
		};
/* End XCConfigurationList section */
	};
	rootObject = 2D46A2971F305D960071ADF0 /* Project object */;
}
